
Microsoft Visual Studio Solution File, Format Version 12.00
# Visual Studio Version 17
VisualStudioVersion = 17.10.34916.146
MinimumVisualStudioVersion = 10.0.40219.1
Project("{FAE04EC0-301F-11D3-BF4B-00C04F79EFBC}") = "Creatore_di_annunci", "Creatore_di_annunci\Creatore_di_annunci.csproj", "{2983AA20-3ECD-4F72-9F8A-1D020392314E}"
EndProject
Global
	GlobalSection(SolutionConfigurationPlatforms) = preSolution
		Debug|Any CPU = Debug|Any CPU
		Release|Any CPU = Release|Any CPU
	EndGlobalSection
	GlobalSection(ProjectConfigurationPlatforms) = postSolution
		{2983AA20-3ECD-4F72-9F8A-1D020392314E}.Debug|Any CPU.ActiveCfg = Debug|Any CPU
		{2983AA20-3ECD-4F72-9F8A-1D020392314E}.Debug|Any CPU.Build.0 = Debug|Any CPU
		{2983AA20-3ECD-4F72-9F8A-1D020392314E}.Release|Any CPU.ActiveCfg = Release|Any CPU
		{2983AA20-3ECD-4F72-9F8A-1D020392314E}.Release|Any CPU.Build.0 = Release|Any CPU
	EndGlobalSection
	GlobalSection(SolutionProperties) = preSolution
		HideSolutionNode = FALSE
	EndGlobalSection
	GlobalSection(ExtensibilityGlobals) = postSolution
		SolutionGuid = {6DC3F216-F5D1-4B11-AD31-16A8523EDA6A}
	EndGlobalSection
EndGlobal
