
Microsoft Visual Studio Solution File, Format Version 12.00
# Visual Studio Version 17
VisualStudioVersion = 17.10.34916.146
MinimumVisualStudioVersion = 10.0.40219.1
Project("{FAE04EC0-301F-11D3-BF4B-00C04F79EFBC}") = "Interfaces", "Interfaces\Interfaces.csproj", "{9FBD4E4A-20E8-43C0-A9D5-9329792C8B4B}"
EndProject
Global
	GlobalSection(SolutionConfigurationPlatforms) = preSolution
		Debug|Any CPU = Debug|Any CPU
		Release|Any CPU = Release|Any CPU
	EndGlobalSection
	GlobalSection(ProjectConfigurationPlatforms) = postSolution
		{9FBD4E4A-20E8-43C0-A9D5-9329792C8B4B}.Debug|Any CPU.ActiveCfg = Debug|Any CPU
		{9FBD4E4A-20E8-43C0-A9D5-9329792C8B4B}.Debug|Any CPU.Build.0 = Debug|Any CPU
		{9FBD4E4A-20E8-43C0-A9D5-9329792C8B4B}.Release|Any CPU.ActiveCfg = Release|Any CPU
		{9FBD4E4A-20E8-43C0-A9D5-9329792C8B4B}.Release|Any CPU.Build.0 = Release|Any CPU
	EndGlobalSection
	GlobalSection(SolutionProperties) = preSolution
		HideSolutionNode = FALSE
	EndGlobalSection
	GlobalSection(ExtensibilityGlobals) = postSolution
		SolutionGuid = {BDA0C384-CA84-4952-A28A-CAD7992E4AAB}
	EndGlobalSection
EndGlobal
